
Microsoft Visual Studio Solution File, Format Version 12.00
# Visual Studio Version 16
VisualStudioVersion = 16.0.31112.23
MinimumVisualStudioVersion = 10.0.40219.1
Project("{2150E333-8FDC-42A3-9474-1A3956D46DE8}") = "Chapter02", "Chapter02", "{1A0FA257-D5F5-4756-976F-3EBA9ADCF595}"
EndProject
Project("{FAE04EC0-301F-11D3-BF4B-00C04F79EFBC}") = "DistanceConverter", "DistanceConverter\DistanceConverter.csproj", "{C2EFC4CE-2A50-43DB-A383-A30F7E9C2F9D}"
EndProject
Project("{FAE04EC0-301F-11D3-BF4B-00C04F79EFBC}") = "SalesCalculator", "SalesCalculator\SalesCalculator.csproj", "{CDF02BD3-B503-4809-AF3A-AFFA20D80A80}"
EndProject
Project("{FAE04EC0-301F-11D3-BF4B-00C04F79EFBC}") = "Exercise1", "Exercise1\Exercise1.csproj", "{6FBCEAC1-ECF8-4C5B-86AB-22E931698E86}"
EndProject
Project("{2150E333-8FDC-42A3-9474-1A3956D46DE8}") = "Exercise", "Exercise", "{8709596F-3A1F-4235-8581-F979813805F9}"
EndProject
Project("{FAE04EC0-301F-11D3-BF4B-00C04F79EFBC}") = "Exercise2", "Exercise2\Exercise2.csproj", "{D2C91E53-6066-4AE2-8DA8-66F2B44DD8E7}"
EndProject
Project("{FAE04EC0-301F-11D3-BF4B-00C04F79EFBC}") = "Exercise3", "Exercise3\Exercise3.csproj", "{E598C1CA-E17C-4DA0-9BDF-B251EC18C6A3}"
EndProject
Project("{2150E333-8FDC-42A3-9474-1A3956D46DE8}") = "Chapter03", "Chapter03", "{EC83ED32-4305-42A7-80F3-C2517BC638B0}"
EndProject
Project("{FAE04EC0-301F-11D3-BF4B-00C04F79EFBC}") = "Section01", "Section01\Section01.csproj", "{3FFAFFB2-A76F-435F-AD6D-5C24588EDB4A}"
EndProject
Project("{FAE04EC0-301F-11D3-BF4B-00C04F79EFBC}") = "Section01", "Chapter04\Section01\Section01.csproj", "{BAD0E8E3-D306-4722-A392-2F4C7ADC335E}"
EndProject
Project("{2150E333-8FDC-42A3-9474-1A3956D46DE8}") = "Chapter04", "Chapter04", "{081E74A5-ED38-4859-8609-790E5BBD612E}"
EndProject
Project("{FAE04EC0-301F-11D3-BF4B-00C04F79EFBC}") = "Exercise1", "Chapter04\Exercise\Exercise1\Exercise1.csproj", "{668FD725-8BEB-45C8-AE69-4006FF3BF0D1}"
EndProject
Project("{2150E333-8FDC-42A3-9474-1A3956D46DE8}") = "Exercise", "Exercise", "{24C06F2C-D493-4CBC-8B86-45FEF50DEC74}"
EndProject
Project("{FAE04EC0-301F-11D3-BF4B-00C04F79EFBC}") = "Exercise2", "Chapter04\Exercise\Exercise2\Exercise2.csproj", "{42822CE4-E4CB-4CBE-9496-55D8DD52ECE9}"
EndProject
Project("{FAE04EC0-301F-11D3-BF4B-00C04F79EFBC}") = "Exercise1", "Chapter05\Exercise1\Exercise1.csproj", "{E0B6DA9F-DD2E-4351-B2E9-2C45367599C9}"
EndProject
Project("{2150E333-8FDC-42A3-9474-1A3956D46DE8}") = "Chapter05", "Chapter05", "{8B3C8335-F024-40FC-AC15-9B237012023F}"
EndProject
Project("{FAE04EC0-301F-11D3-BF4B-00C04F79EFBC}") = "Test01", "TestProject\Test01\Test01.csproj", "{2BFACDC3-F44D-4199-8498-F5C3C4AC0335}"
EndProject
Project("{FAE04EC0-301F-11D3-BF4B-00C04F79EFBC}") = "Test02", "TestProject\Test02\Test02.csproj", "{E461C0A8-8900-485C-B520-E929BA33F712}"
EndProject
Global
	GlobalSection(SolutionConfigurationPlatforms) = preSolution
		Debug|Any CPU = Debug|Any CPU
		Release|Any CPU = Release|Any CPU
	EndGlobalSection
	GlobalSection(ProjectConfigurationPlatforms) = postSolution
		{C2EFC4CE-2A50-43DB-A383-A30F7E9C2F9D}.Debug|Any CPU.ActiveCfg = Debug|Any CPU
		{C2EFC4CE-2A50-43DB-A383-A30F7E9C2F9D}.Debug|Any CPU.Build.0 = Debug|Any CPU
		{C2EFC4CE-2A50-43DB-A383-A30F7E9C2F9D}.Release|Any CPU.ActiveCfg = Release|Any CPU
		{C2EFC4CE-2A50-43DB-A383-A30F7E9C2F9D}.Release|Any CPU.Build.0 = Release|Any CPU
		{CDF02BD3-B503-4809-AF3A-AFFA20D80A80}.Debug|Any CPU.ActiveCfg = Debug|Any CPU
		{CDF02BD3-B503-4809-AF3A-AFFA20D80A80}.Debug|Any CPU.Build.0 = Debug|Any CPU
		{CDF02BD3-B503-4809-AF3A-AFFA20D80A80}.Release|Any CPU.ActiveCfg = Release|Any CPU
		{CDF02BD3-B503-4809-AF3A-AFFA20D80A80}.Release|Any CPU.Build.0 = Release|Any CPU
		{6FBCEAC1-ECF8-4C5B-86AB-22E931698E86}.Debug|Any CPU.ActiveCfg = Debug|Any CPU
		{6FBCEAC1-ECF8-4C5B-86AB-22E931698E86}.Debug|Any CPU.Build.0 = Debug|Any CPU
		{6FBCEAC1-ECF8-4C5B-86AB-22E931698E86}.Release|Any CPU.ActiveCfg = Release|Any CPU
		{6FBCEAC1-ECF8-4C5B-86AB-22E931698E86}.Release|Any CPU.Build.0 = Release|Any CPU
		{D2C91E53-6066-4AE2-8DA8-66F2B44DD8E7}.Debug|Any CPU.ActiveCfg = Debug|Any CPU
		{D2C91E53-6066-4AE2-8DA8-66F2B44DD8E7}.Debug|Any CPU.Build.0 = Debug|Any CPU
		{D2C91E53-6066-4AE2-8DA8-66F2B44DD8E7}.Release|Any CPU.ActiveCfg = Release|Any CPU
		{D2C91E53-6066-4AE2-8DA8-66F2B44DD8E7}.Release|Any CPU.Build.0 = Release|Any CPU
		{E598C1CA-E17C-4DA0-9BDF-B251EC18C6A3}.Debug|Any CPU.ActiveCfg = Debug|Any CPU
		{E598C1CA-E17C-4DA0-9BDF-B251EC18C6A3}.Debug|Any CPU.Build.0 = Debug|Any CPU
		{E598C1CA-E17C-4DA0-9BDF-B251EC18C6A3}.Release|Any CPU.ActiveCfg = Release|Any CPU
		{E598C1CA-E17C-4DA0-9BDF-B251EC18C6A3}.Release|Any CPU.Build.0 = Release|Any CPU
		{3FFAFFB2-A76F-435F-AD6D-5C24588EDB4A}.Debug|Any CPU.ActiveCfg = Debug|Any CPU
		{3FFAFFB2-A76F-435F-AD6D-5C24588EDB4A}.Debug|Any CPU.Build.0 = Debug|Any CPU
		{3FFAFFB2-A76F-435F-AD6D-5C24588EDB4A}.Release|Any CPU.ActiveCfg = Release|Any CPU
		{3FFAFFB2-A76F-435F-AD6D-5C24588EDB4A}.Release|Any CPU.Build.0 = Release|Any CPU
		{BAD0E8E3-D306-4722-A392-2F4C7ADC335E}.Debug|Any CPU.ActiveCfg = Debug|Any CPU
		{BAD0E8E3-D306-4722-A392-2F4C7ADC335E}.Debug|Any CPU.Build.0 = Debug|Any CPU
		{BAD0E8E3-D306-4722-A392-2F4C7ADC335E}.Release|Any CPU.ActiveCfg = Release|Any CPU
		{BAD0E8E3-D306-4722-A392-2F4C7ADC335E}.Release|Any CPU.Build.0 = Release|Any CPU
		{668FD725-8BEB-45C8-AE69-4006FF3BF0D1}.Debug|Any CPU.ActiveCfg = Debug|Any CPU
		{668FD725-8BEB-45C8-AE69-4006FF3BF0D1}.Debug|Any CPU.Build.0 = Debug|Any CPU
		{668FD725-8BEB-45C8-AE69-4006FF3BF0D1}.Release|Any CPU.ActiveCfg = Release|Any CPU
		{668FD725-8BEB-45C8-AE69-4006FF3BF0D1}.Release|Any CPU.Build.0 = Release|Any CPU
		{42822CE4-E4CB-4CBE-9496-55D8DD52ECE9}.Debug|Any CPU.ActiveCfg = Debug|Any CPU
		{42822CE4-E4CB-4CBE-9496-55D8DD52ECE9}.Debug|Any CPU.Build.0 = Debug|Any CPU
		{42822CE4-E4CB-4CBE-9496-55D8DD52ECE9}.Release|Any CPU.ActiveCfg = Release|Any CPU
		{42822CE4-E4CB-4CBE-9496-55D8DD52ECE9}.Release|Any CPU.Build.0 = Release|Any CPU
		{E0B6DA9F-DD2E-4351-B2E9-2C45367599C9}.Debug|Any CPU.ActiveCfg = Debug|Any CPU
		{E0B6DA9F-DD2E-4351-B2E9-2C45367599C9}.Debug|Any CPU.Build.0 = Debug|Any CPU
		{E0B6DA9F-DD2E-4351-B2E9-2C45367599C9}.Release|Any CPU.ActiveCfg = Release|Any CPU
		{E0B6DA9F-DD2E-4351-B2E9-2C45367599C9}.Release|Any CPU.Build.0 = Release|Any CPU
		{2BFACDC3-F44D-4199-8498-F5C3C4AC0335}.Debug|Any CPU.ActiveCfg = Debug|Any CPU
		{2BFACDC3-F44D-4199-8498-F5C3C4AC0335}.Debug|Any CPU.Build.0 = Debug|Any CPU
		{2BFACDC3-F44D-4199-8498-F5C3C4AC0335}.Release|Any CPU.ActiveCfg = Release|Any CPU
		{2BFACDC3-F44D-4199-8498-F5C3C4AC0335}.Release|Any CPU.Build.0 = Release|Any CPU
		{E461C0A8-8900-485C-B520-E929BA33F712}.Debug|Any CPU.ActiveCfg = Debug|Any CPU
		{E461C0A8-8900-485C-B520-E929BA33F712}.Debug|Any CPU.Build.0 = Debug|Any CPU
		{E461C0A8-8900-485C-B520-E929BA33F712}.Release|Any CPU.ActiveCfg = Release|Any CPU
		{E461C0A8-8900-485C-B520-E929BA33F712}.Release|Any CPU.Build.0 = Release|Any CPU
	EndGlobalSection
	GlobalSection(SolutionProperties) = preSolution
		HideSolutionNode = FALSE
	EndGlobalSection
	GlobalSection(NestedProjects) = preSolution
		{C2EFC4CE-2A50-43DB-A383-A30F7E9C2F9D} = {1A0FA257-D5F5-4756-976F-3EBA9ADCF595}
		{CDF02BD3-B503-4809-AF3A-AFFA20D80A80} = {1A0FA257-D5F5-4756-976F-3EBA9ADCF595}
		{6FBCEAC1-ECF8-4C5B-86AB-22E931698E86} = {8709596F-3A1F-4235-8581-F979813805F9}
		{8709596F-3A1F-4235-8581-F979813805F9} = {1A0FA257-D5F5-4756-976F-3EBA9ADCF595}
		{D2C91E53-6066-4AE2-8DA8-66F2B44DD8E7} = {8709596F-3A1F-4235-8581-F979813805F9}
		{E598C1CA-E17C-4DA0-9BDF-B251EC18C6A3} = {8709596F-3A1F-4235-8581-F979813805F9}
		{3FFAFFB2-A76F-435F-AD6D-5C24588EDB4A} = {EC83ED32-4305-42A7-80F3-C2517BC638B0}
		{BAD0E8E3-D306-4722-A392-2F4C7ADC335E} = {24C06F2C-D493-4CBC-8B86-45FEF50DEC74}
		{668FD725-8BEB-45C8-AE69-4006FF3BF0D1} = {24C06F2C-D493-4CBC-8B86-45FEF50DEC74}
		{24C06F2C-D493-4CBC-8B86-45FEF50DEC74} = {081E74A5-ED38-4859-8609-790E5BBD612E}
		{42822CE4-E4CB-4CBE-9496-55D8DD52ECE9} = {24C06F2C-D493-4CBC-8B86-45FEF50DEC74}
		{E0B6DA9F-DD2E-4351-B2E9-2C45367599C9} = {8B3C8335-F024-40FC-AC15-9B237012023F}
	EndGlobalSection
	GlobalSection(ExtensibilityGlobals) = postSolution
		SolutionGuid = {F1E47BE0-6C40-4521-A44E-D5A6EDE0C858}
	EndGlobalSection
EndGlobal
