
Microsoft Visual Studio Solution File, Format Version 12.00
# Visual Studio Version 16
VisualStudioVersion = 16.0.31112.23
MinimumVisualStudioVersion = 10.0.40219.1
Project("{2150E333-8FDC-42A3-9474-1A3956D46DE8}") = "Chapter02", "Chapter02", "{1A0FA257-D5F5-4756-976F-3EBA9ADCF595}"
EndProject
Project("{FAE04EC0-301F-11D3-BF4B-00C04F79EFBC}") = "DistanceConverter", "DistanceConverter\DistanceConverter.csproj", "{C2EFC4CE-2A50-43DB-A383-A30F7E9C2F9D}"
EndProject
Project("{FAE04EC0-301F-11D3-BF4B-00C04F79EFBC}") = "SalesCalculator", "SalesCalculator\SalesCalculator.csproj", "{CDF02BD3-B503-4809-AF3A-AFFA20D80A80}"
EndProject
Project("{FAE04EC0-301F-11D3-BF4B-00C04F79EFBC}") = "Exercise1", "Exercise1\Exercise1.csproj", "{6FBCEAC1-ECF8-4C5B-86AB-22E931698E86}"
EndProject
Project("{2150E333-8FDC-42A3-9474-1A3956D46DE8}") = "Exercise", "Exercise", "{8709596F-3A1F-4235-8581-F979813805F9}"
EndProject
Project("{FAE04EC0-301F-11D3-BF4B-00C04F79EFBC}") = "Exercise2", "Exercise2\Exercise2.csproj", "{D2C91E53-6066-4AE2-8DA8-66F2B44DD8E7}"
EndProject
Project("{FAE04EC0-301F-11D3-BF4B-00C04F79EFBC}") = "Exercise3", "Exercise3\Exercise3.csproj", "{E598C1CA-E17C-4DA0-9BDF-B251EC18C6A3}"
EndProject
Project("{2150E333-8FDC-42A3-9474-1A3956D46DE8}") = "Chapter03", "Chapter03", "{EC83ED32-4305-42A7-80F3-C2517BC638B0}"
EndProject
Project("{FAE04EC0-301F-11D3-BF4B-00C04F79EFBC}") = "Section01", "Section01\Section01.csproj", "{3FFAFFB2-A76F-435F-AD6D-5C24588EDB4A}"
EndProject
Project("{FAE04EC0-301F-11D3-BF4B-00C04F79EFBC}") = "Section01", "Chapter04\Section01\Section01.csproj", "{BAD0E8E3-D306-4722-A392-2F4C7ADC335E}"
EndProject
Project("{2150E333-8FDC-42A3-9474-1A3956D46DE8}") = "Chapter04", "Chapter04", "{081E74A5-ED38-4859-8609-790E5BBD612E}"
EndProject
Project("{FAE04EC0-301F-11D3-BF4B-00C04F79EFBC}") = "Exercise1", "Chapter04\Exercise\Exercise1\Exercise1.csproj", "{668FD725-8BEB-45C8-AE69-4006FF3BF0D1}"
EndProject
Project("{2150E333-8FDC-42A3-9474-1A3956D46DE8}") = "Exercise", "Exercise", "{24C06F2C-D493-4CBC-8B86-45FEF50DEC74}"
EndProject
Project("{FAE04EC0-301F-11D3-BF4B-00C04F79EFBC}") = "Exercise2", "Chapter04\Exercise\Exercise2\Exercise2.csproj", "{42822CE4-E4CB-4CBE-9496-55D8DD52ECE9}"
EndProject
Project("{FAE04EC0-301F-11D3-BF4B-00C04F79EFBC}") = "Exercise1", "Chapter05\Exercise1\Exercise1.csproj", "{E0B6DA9F-DD2E-4351-B2E9-2C45367599C9}"
EndProject
Project("{2150E333-8FDC-42A3-9474-1A3956D46DE8}") = "Chapter05", "Chapter05", "{8B3C8335-F024-40FC-AC15-9B237012023F}"
EndProject
Project("{FAE04EC0-301F-11D3-BF4B-00C04F79EFBC}") = "Test01", "TestProject\Test01\Test01.csproj", "{2BFACDC3-F44D-4199-8498-F5C3C4AC0335}"
EndProject
Project("{FAE04EC0-301F-11D3-BF4B-00C04F79EFBC}") = "Test02", "TestProject\Test02\Test02.csproj", "{E461C0A8-8900-485C-B520-E929BA33F712}"
EndProject
Project("{FAE04EC0-301F-11D3-BF4B-00C04F79EFBC}") = "Exercise2", "Chapter05\Exercise2\Exercise2.csproj", "{BC61D9C6-6B4F-464E-8562-0DBCC332DEEF}"
EndProject
Project("{FAE04EC0-301F-11D3-BF4B-00C04F79EFBC}") = "Exercise3", "Chapter05\Exercise3\Exercise3.csproj", "{DC614572-3805-4AD3-AE79-949A61AE3E5D}"
EndProject
Project("{FAE04EC0-301F-11D3-BF4B-00C04F79EFBC}") = "Section01", "Chapter06\Section01\Section01.csproj", "{8ED931D9-D254-4C13-8663-2223D49A5B0B}"
EndProject
Project("{2150E333-8FDC-42A3-9474-1A3956D46DE8}") = "Chapter06", "Chapter06", "{A1C7C718-1818-4F1D-8D9A-CA1806789E97}"
EndProject
Project("{FAE04EC0-301F-11D3-BF4B-00C04F79EFBC}") = "Exercise1", "Chapter06\Exercise\Exercise1\Exercise1.csproj", "{695D9C97-E766-4597-B212-2AE18333D7FC}"
EndProject
Project("{FAE04EC0-301F-11D3-BF4B-00C04F79EFBC}") = "Exercise2", "Chapter06\Exercise\Exercise2\Exercise2.csproj", "{76B9FCC6-23BD-4875-8FAC-F7DDE05C275B}"
EndProject
Project("{2150E333-8FDC-42A3-9474-1A3956D46DE8}") = "Chapter07", "Chapter07", "{FCB4743F-8EA1-4DDF-BAFC-D37F1C50903D}"
	ProjectSection(SolutionItems) = preProject
		\\172.16.42.1\学生共有\#infosys2021\２期目\Chapter07\Section03\Program.cs = \\172.16.42.1\学生共有\#infosys2021\２期目\Chapter07\Section03\Program.cs
	EndProjectSection
EndProject
Project("{FAE04EC0-301F-11D3-BF4B-00C04F79EFBC}") = "Exercise1", "Chapter07\Exercise1\Exercise1.csproj", "{F57A17B5-CEC0-4548-96DF-7B8A89F032A8}"
EndProject
Project("{FAE04EC0-301F-11D3-BF4B-00C04F79EFBC}") = "Section03", "\\172.16.42.1\学生共有\#infosys2021\２期目\Chapter07\Section03\Section03.csproj", "{9666A25E-BC82-487A-A2BF-FF02E7DD010C}"
EndProject
Project("{2150E333-8FDC-42A3-9474-1A3956D46DE8}") = "Chapter08", "Chapter08", "{E6530A6A-6963-4666-8F9D-5B4E4B855854}"
EndProject
Project("{FAE04EC0-301F-11D3-BF4B-00C04F79EFBC}") = "Exercise1", "Chapter08\Exercise1\Exercise1.csproj", "{6009EABE-4C84-40F6-8C3B-5DF2391813F2}"
EndProject
Project("{2150E333-8FDC-42A3-9474-1A3956D46DE8}") = "Exercise", "Exercise", "{A497B49D-068B-4D1A-97F2-EEA20F1791DF}"
EndProject
Project("{FAE04EC0-301F-11D3-BF4B-00C04F79EFBC}") = "Exercise", "Chapter08\Exercise\Exercise\Exercise.csproj", "{C28FA1F7-E99D-48FE-9572-B12D5B631A54}"
EndProject
Project("{FAE04EC0-301F-11D3-BF4B-00C04F79EFBC}") = "StopWatch", "Chapter08\Exercise\StopWatch\StopWatch.csproj", "{54B22A3A-7C2A-454F-B2AE-25D826D9E483}"
EndProject
Project("{FAE04EC0-301F-11D3-BF4B-00C04F79EFBC}") = "Exercise1", "Chapter09\Exercise1\Exercise1.csproj", "{3934F8D7-3E56-472F-B873-0304921BB94A}"
EndProject
Project("{2150E333-8FDC-42A3-9474-1A3956D46DE8}") = "Chapter09", "Chapter09", "{A376B9B8-E5BB-4B68-B18F-4E5085E6EF6E}"
EndProject
Project("{FAE04EC0-301F-11D3-BF4B-00C04F79EFBC}") = "Exercise2", "Chapter09\Exercise2\Exercise2.csproj", "{97CFEEB3-FF1E-48F0-A5CB-A1E5C6F1A710}"
EndProject
Project("{FAE04EC0-301F-11D3-BF4B-00C04F79EFBC}") = "Exercise3", "Chapter09\Exercise3\Exercise3.csproj", "{1F7E6746-34BF-480A-8907-F483D6585E4B}"
EndProject
Project("{2150E333-8FDC-42A3-9474-1A3956D46DE8}") = "Test", "Test", "{DC59645D-5224-4387-B53E-BFFDEE16AD78}"
EndProject
Project("{FAE04EC0-301F-11D3-BF4B-00C04F79EFBC}") = "CarReportSystem", "CarReportSystem\CarReportSystem\CarReportSystem.csproj", "{1CA1D6A8-6412-43D2-9202-F1F0609C7861}"
EndProject
Project("{2150E333-8FDC-42A3-9474-1A3956D46DE8}") = "CarReport", "CarReport", "{FFA91CCE-6AE1-4D70-B609-748B13279E23}"
EndProject
Project("{FAE04EC0-301F-11D3-BF4B-00C04F79EFBC}") = "Sample0823", "TestProject\Sample0823\Sample0823.csproj", "{B97977C9-BC4D-458F-AA29-B8642B4182B8}"
EndProject
Project("{FAE04EC0-301F-11D3-BF4B-00C04F79EFBC}") = "Section01", "Chapter11\Section01\Section01.csproj", "{614D301A-5990-4B7B-9D6B-64652EDE39AC}"
EndProject
Project("{2150E333-8FDC-42A3-9474-1A3956D46DE8}") = "Chapter11", "Chapter11", "{CD9403FF-CD1B-4753-A66E-265124EBDAA5}"
EndProject
Project("{FAE04EC0-301F-11D3-BF4B-00C04F79EFBC}") = "Exercise1", "Chapter11\Exercise1\Exercise1.csproj", "{59F9C340-8894-4658-8790-9EE7ACE23C4A}"
EndProject
Project("{FAE04EC0-301F-11D3-BF4B-00C04F79EFBC}") = "Section02", "Chapter11\Section02\Section02.csproj", "{9D911AD5-4F7C-43A5-8FF0-DB993BB2F809}"
EndProject
Project("{2150E333-8FDC-42A3-9474-1A3956D46DE8}") = "Chapter14", "Chapter14", "{C277E19B-B812-45D8-A760-13867C1BE78D}"
EndProject
Project("{FAE04EC0-301F-11D3-BF4B-00C04F79EFBC}") = "Section04", "Chapter14\ConsoleApp1\Section04.csproj", "{9FC60DD5-A8F8-443C-BA33-FD3EADE77AE8}"
EndProject
Global
	GlobalSection(SolutionConfigurationPlatforms) = preSolution
		Debug|Any CPU = Debug|Any CPU
		Release|Any CPU = Release|Any CPU
	EndGlobalSection
	GlobalSection(ProjectConfigurationPlatforms) = postSolution
		{C2EFC4CE-2A50-43DB-A383-A30F7E9C2F9D}.Debug|Any CPU.ActiveCfg = Debug|Any CPU
		{C2EFC4CE-2A50-43DB-A383-A30F7E9C2F9D}.Debug|Any CPU.Build.0 = Debug|Any CPU
		{C2EFC4CE-2A50-43DB-A383-A30F7E9C2F9D}.Release|Any CPU.ActiveCfg = Release|Any CPU
		{C2EFC4CE-2A50-43DB-A383-A30F7E9C2F9D}.Release|Any CPU.Build.0 = Release|Any CPU
		{CDF02BD3-B503-4809-AF3A-AFFA20D80A80}.Debug|Any CPU.ActiveCfg = Debug|Any CPU
		{CDF02BD3-B503-4809-AF3A-AFFA20D80A80}.Debug|Any CPU.Build.0 = Debug|Any CPU
		{CDF02BD3-B503-4809-AF3A-AFFA20D80A80}.Release|Any CPU.ActiveCfg = Release|Any CPU
		{CDF02BD3-B503-4809-AF3A-AFFA20D80A80}.Release|Any CPU.Build.0 = Release|Any CPU
		{6FBCEAC1-ECF8-4C5B-86AB-22E931698E86}.Debug|Any CPU.ActiveCfg = Debug|Any CPU
		{6FBCEAC1-ECF8-4C5B-86AB-22E931698E86}.Debug|Any CPU.Build.0 = Debug|Any CPU
		{6FBCEAC1-ECF8-4C5B-86AB-22E931698E86}.Release|Any CPU.ActiveCfg = Release|Any CPU
		{6FBCEAC1-ECF8-4C5B-86AB-22E931698E86}.Release|Any CPU.Build.0 = Release|Any CPU
		{D2C91E53-6066-4AE2-8DA8-66F2B44DD8E7}.Debug|Any CPU.ActiveCfg = Debug|Any CPU
		{D2C91E53-6066-4AE2-8DA8-66F2B44DD8E7}.Debug|Any CPU.Build.0 = Debug|Any CPU
		{D2C91E53-6066-4AE2-8DA8-66F2B44DD8E7}.Release|Any CPU.ActiveCfg = Release|Any CPU
		{D2C91E53-6066-4AE2-8DA8-66F2B44DD8E7}.Release|Any CPU.Build.0 = Release|Any CPU
		{E598C1CA-E17C-4DA0-9BDF-B251EC18C6A3}.Debug|Any CPU.ActiveCfg = Debug|Any CPU
		{E598C1CA-E17C-4DA0-9BDF-B251EC18C6A3}.Debug|Any CPU.Build.0 = Debug|Any CPU
		{E598C1CA-E17C-4DA0-9BDF-B251EC18C6A3}.Release|Any CPU.ActiveCfg = Release|Any CPU
		{E598C1CA-E17C-4DA0-9BDF-B251EC18C6A3}.Release|Any CPU.Build.0 = Release|Any CPU
		{3FFAFFB2-A76F-435F-AD6D-5C24588EDB4A}.Debug|Any CPU.ActiveCfg = Debug|Any CPU
		{3FFAFFB2-A76F-435F-AD6D-5C24588EDB4A}.Debug|Any CPU.Build.0 = Debug|Any CPU
		{3FFAFFB2-A76F-435F-AD6D-5C24588EDB4A}.Release|Any CPU.ActiveCfg = Release|Any CPU
		{3FFAFFB2-A76F-435F-AD6D-5C24588EDB4A}.Release|Any CPU.Build.0 = Release|Any CPU
		{BAD0E8E3-D306-4722-A392-2F4C7ADC335E}.Debug|Any CPU.ActiveCfg = Debug|Any CPU
		{BAD0E8E3-D306-4722-A392-2F4C7ADC335E}.Debug|Any CPU.Build.0 = Debug|Any CPU
		{BAD0E8E3-D306-4722-A392-2F4C7ADC335E}.Release|Any CPU.ActiveCfg = Release|Any CPU
		{BAD0E8E3-D306-4722-A392-2F4C7ADC335E}.Release|Any CPU.Build.0 = Release|Any CPU
		{668FD725-8BEB-45C8-AE69-4006FF3BF0D1}.Debug|Any CPU.ActiveCfg = Debug|Any CPU
		{668FD725-8BEB-45C8-AE69-4006FF3BF0D1}.Debug|Any CPU.Build.0 = Debug|Any CPU
		{668FD725-8BEB-45C8-AE69-4006FF3BF0D1}.Release|Any CPU.ActiveCfg = Release|Any CPU
		{668FD725-8BEB-45C8-AE69-4006FF3BF0D1}.Release|Any CPU.Build.0 = Release|Any CPU
		{42822CE4-E4CB-4CBE-9496-55D8DD52ECE9}.Debug|Any CPU.ActiveCfg = Debug|Any CPU
		{42822CE4-E4CB-4CBE-9496-55D8DD52ECE9}.Debug|Any CPU.Build.0 = Debug|Any CPU
		{42822CE4-E4CB-4CBE-9496-55D8DD52ECE9}.Release|Any CPU.ActiveCfg = Release|Any CPU
		{42822CE4-E4CB-4CBE-9496-55D8DD52ECE9}.Release|Any CPU.Build.0 = Release|Any CPU
		{E0B6DA9F-DD2E-4351-B2E9-2C45367599C9}.Debug|Any CPU.ActiveCfg = Debug|Any CPU
		{E0B6DA9F-DD2E-4351-B2E9-2C45367599C9}.Debug|Any CPU.Build.0 = Debug|Any CPU
		{E0B6DA9F-DD2E-4351-B2E9-2C45367599C9}.Release|Any CPU.ActiveCfg = Release|Any CPU
		{E0B6DA9F-DD2E-4351-B2E9-2C45367599C9}.Release|Any CPU.Build.0 = Release|Any CPU
		{2BFACDC3-F44D-4199-8498-F5C3C4AC0335}.Debug|Any CPU.ActiveCfg = Debug|Any CPU
		{2BFACDC3-F44D-4199-8498-F5C3C4AC0335}.Debug|Any CPU.Build.0 = Debug|Any CPU
		{2BFACDC3-F44D-4199-8498-F5C3C4AC0335}.Release|Any CPU.ActiveCfg = Release|Any CPU
		{2BFACDC3-F44D-4199-8498-F5C3C4AC0335}.Release|Any CPU.Build.0 = Release|Any CPU
		{E461C0A8-8900-485C-B520-E929BA33F712}.Debug|Any CPU.ActiveCfg = Debug|Any CPU
		{E461C0A8-8900-485C-B520-E929BA33F712}.Debug|Any CPU.Build.0 = Debug|Any CPU
		{E461C0A8-8900-485C-B520-E929BA33F712}.Release|Any CPU.ActiveCfg = Release|Any CPU
		{E461C0A8-8900-485C-B520-E929BA33F712}.Release|Any CPU.Build.0 = Release|Any CPU
		{BC61D9C6-6B4F-464E-8562-0DBCC332DEEF}.Debug|Any CPU.ActiveCfg = Debug|Any CPU
		{BC61D9C6-6B4F-464E-8562-0DBCC332DEEF}.Debug|Any CPU.Build.0 = Debug|Any CPU
		{BC61D9C6-6B4F-464E-8562-0DBCC332DEEF}.Release|Any CPU.ActiveCfg = Release|Any CPU
		{BC61D9C6-6B4F-464E-8562-0DBCC332DEEF}.Release|Any CPU.Build.0 = Release|Any CPU
		{DC614572-3805-4AD3-AE79-949A61AE3E5D}.Debug|Any CPU.ActiveCfg = Debug|Any CPU
		{DC614572-3805-4AD3-AE79-949A61AE3E5D}.Debug|Any CPU.Build.0 = Debug|Any CPU
		{DC614572-3805-4AD3-AE79-949A61AE3E5D}.Release|Any CPU.ActiveCfg = Release|Any CPU
		{DC614572-3805-4AD3-AE79-949A61AE3E5D}.Release|Any CPU.Build.0 = Release|Any CPU
		{8ED931D9-D254-4C13-8663-2223D49A5B0B}.Debug|Any CPU.ActiveCfg = Debug|Any CPU
		{8ED931D9-D254-4C13-8663-2223D49A5B0B}.Debug|Any CPU.Build.0 = Debug|Any CPU
		{8ED931D9-D254-4C13-8663-2223D49A5B0B}.Release|Any CPU.ActiveCfg = Release|Any CPU
		{8ED931D9-D254-4C13-8663-2223D49A5B0B}.Release|Any CPU.Build.0 = Release|Any CPU
		{695D9C97-E766-4597-B212-2AE18333D7FC}.Debug|Any CPU.ActiveCfg = Debug|Any CPU
		{695D9C97-E766-4597-B212-2AE18333D7FC}.Debug|Any CPU.Build.0 = Debug|Any CPU
		{695D9C97-E766-4597-B212-2AE18333D7FC}.Release|Any CPU.ActiveCfg = Release|Any CPU
		{695D9C97-E766-4597-B212-2AE18333D7FC}.Release|Any CPU.Build.0 = Release|Any CPU
		{76B9FCC6-23BD-4875-8FAC-F7DDE05C275B}.Debug|Any CPU.ActiveCfg = Debug|Any CPU
		{76B9FCC6-23BD-4875-8FAC-F7DDE05C275B}.Debug|Any CPU.Build.0 = Debug|Any CPU
		{76B9FCC6-23BD-4875-8FAC-F7DDE05C275B}.Release|Any CPU.ActiveCfg = Release|Any CPU
		{76B9FCC6-23BD-4875-8FAC-F7DDE05C275B}.Release|Any CPU.Build.0 = Release|Any CPU
		{F57A17B5-CEC0-4548-96DF-7B8A89F032A8}.Debug|Any CPU.ActiveCfg = Debug|Any CPU
		{F57A17B5-CEC0-4548-96DF-7B8A89F032A8}.Debug|Any CPU.Build.0 = Debug|Any CPU
		{F57A17B5-CEC0-4548-96DF-7B8A89F032A8}.Release|Any CPU.ActiveCfg = Release|Any CPU
		{F57A17B5-CEC0-4548-96DF-7B8A89F032A8}.Release|Any CPU.Build.0 = Release|Any CPU
		{9666A25E-BC82-487A-A2BF-FF02E7DD010C}.Debug|Any CPU.ActiveCfg = Debug|Any CPU
		{9666A25E-BC82-487A-A2BF-FF02E7DD010C}.Debug|Any CPU.Build.0 = Debug|Any CPU
		{9666A25E-BC82-487A-A2BF-FF02E7DD010C}.Release|Any CPU.ActiveCfg = Release|Any CPU
		{9666A25E-BC82-487A-A2BF-FF02E7DD010C}.Release|Any CPU.Build.0 = Release|Any CPU
		{6009EABE-4C84-40F6-8C3B-5DF2391813F2}.Debug|Any CPU.ActiveCfg = Debug|Any CPU
		{6009EABE-4C84-40F6-8C3B-5DF2391813F2}.Debug|Any CPU.Build.0 = Debug|Any CPU
		{6009EABE-4C84-40F6-8C3B-5DF2391813F2}.Release|Any CPU.ActiveCfg = Release|Any CPU
		{6009EABE-4C84-40F6-8C3B-5DF2391813F2}.Release|Any CPU.Build.0 = Release|Any CPU
		{C28FA1F7-E99D-48FE-9572-B12D5B631A54}.Debug|Any CPU.ActiveCfg = Debug|Any CPU
		{C28FA1F7-E99D-48FE-9572-B12D5B631A54}.Debug|Any CPU.Build.0 = Debug|Any CPU
		{C28FA1F7-E99D-48FE-9572-B12D5B631A54}.Release|Any CPU.ActiveCfg = Release|Any CPU
		{C28FA1F7-E99D-48FE-9572-B12D5B631A54}.Release|Any CPU.Build.0 = Release|Any CPU
		{54B22A3A-7C2A-454F-B2AE-25D826D9E483}.Debug|Any CPU.ActiveCfg = Debug|Any CPU
		{54B22A3A-7C2A-454F-B2AE-25D826D9E483}.Debug|Any CPU.Build.0 = Debug|Any CPU
		{54B22A3A-7C2A-454F-B2AE-25D826D9E483}.Release|Any CPU.ActiveCfg = Release|Any CPU
		{54B22A3A-7C2A-454F-B2AE-25D826D9E483}.Release|Any CPU.Build.0 = Release|Any CPU
		{3934F8D7-3E56-472F-B873-0304921BB94A}.Debug|Any CPU.ActiveCfg = Debug|Any CPU
		{3934F8D7-3E56-472F-B873-0304921BB94A}.Debug|Any CPU.Build.0 = Debug|Any CPU
		{3934F8D7-3E56-472F-B873-0304921BB94A}.Release|Any CPU.ActiveCfg = Release|Any CPU
		{3934F8D7-3E56-472F-B873-0304921BB94A}.Release|Any CPU.Build.0 = Release|Any CPU
		{97CFEEB3-FF1E-48F0-A5CB-A1E5C6F1A710}.Debug|Any CPU.ActiveCfg = Debug|Any CPU
		{97CFEEB3-FF1E-48F0-A5CB-A1E5C6F1A710}.Debug|Any CPU.Build.0 = Debug|Any CPU
		{97CFEEB3-FF1E-48F0-A5CB-A1E5C6F1A710}.Release|Any CPU.ActiveCfg = Release|Any CPU
		{97CFEEB3-FF1E-48F0-A5CB-A1E5C6F1A710}.Release|Any CPU.Build.0 = Release|Any CPU
		{1F7E6746-34BF-480A-8907-F483D6585E4B}.Debug|Any CPU.ActiveCfg = Debug|Any CPU
		{1F7E6746-34BF-480A-8907-F483D6585E4B}.Debug|Any CPU.Build.0 = Debug|Any CPU
		{1F7E6746-34BF-480A-8907-F483D6585E4B}.Release|Any CPU.ActiveCfg = Release|Any CPU
		{1F7E6746-34BF-480A-8907-F483D6585E4B}.Release|Any CPU.Build.0 = Release|Any CPU
		{1CA1D6A8-6412-43D2-9202-F1F0609C7861}.Debug|Any CPU.ActiveCfg = Debug|Any CPU
		{1CA1D6A8-6412-43D2-9202-F1F0609C7861}.Debug|Any CPU.Build.0 = Debug|Any CPU
		{1CA1D6A8-6412-43D2-9202-F1F0609C7861}.Release|Any CPU.ActiveCfg = Release|Any CPU
		{1CA1D6A8-6412-43D2-9202-F1F0609C7861}.Release|Any CPU.Build.0 = Release|Any CPU
		{B97977C9-BC4D-458F-AA29-B8642B4182B8}.Debug|Any CPU.ActiveCfg = Debug|Any CPU
		{B97977C9-BC4D-458F-AA29-B8642B4182B8}.Debug|Any CPU.Build.0 = Debug|Any CPU
		{B97977C9-BC4D-458F-AA29-B8642B4182B8}.Release|Any CPU.ActiveCfg = Release|Any CPU
		{B97977C9-BC4D-458F-AA29-B8642B4182B8}.Release|Any CPU.Build.0 = Release|Any CPU
		{614D301A-5990-4B7B-9D6B-64652EDE39AC}.Debug|Any CPU.ActiveCfg = Debug|Any CPU
		{614D301A-5990-4B7B-9D6B-64652EDE39AC}.Debug|Any CPU.Build.0 = Debug|Any CPU
		{614D301A-5990-4B7B-9D6B-64652EDE39AC}.Release|Any CPU.ActiveCfg = Release|Any CPU
		{614D301A-5990-4B7B-9D6B-64652EDE39AC}.Release|Any CPU.Build.0 = Release|Any CPU
		{59F9C340-8894-4658-8790-9EE7ACE23C4A}.Debug|Any CPU.ActiveCfg = Debug|Any CPU
		{59F9C340-8894-4658-8790-9EE7ACE23C4A}.Debug|Any CPU.Build.0 = Debug|Any CPU
		{59F9C340-8894-4658-8790-9EE7ACE23C4A}.Release|Any CPU.ActiveCfg = Release|Any CPU
		{59F9C340-8894-4658-8790-9EE7ACE23C4A}.Release|Any CPU.Build.0 = Release|Any CPU
		{9D911AD5-4F7C-43A5-8FF0-DB993BB2F809}.Debug|Any CPU.ActiveCfg = Debug|Any CPU
		{9D911AD5-4F7C-43A5-8FF0-DB993BB2F809}.Debug|Any CPU.Build.0 = Debug|Any CPU
		{9D911AD5-4F7C-43A5-8FF0-DB993BB2F809}.Release|Any CPU.ActiveCfg = Release|Any CPU
		{9D911AD5-4F7C-43A5-8FF0-DB993BB2F809}.Release|Any CPU.Build.0 = Release|Any CPU
		{9FC60DD5-A8F8-443C-BA33-FD3EADE77AE8}.Debug|Any CPU.ActiveCfg = Debug|Any CPU
		{9FC60DD5-A8F8-443C-BA33-FD3EADE77AE8}.Debug|Any CPU.Build.0 = Debug|Any CPU
		{9FC60DD5-A8F8-443C-BA33-FD3EADE77AE8}.Release|Any CPU.ActiveCfg = Release|Any CPU
		{9FC60DD5-A8F8-443C-BA33-FD3EADE77AE8}.Release|Any CPU.Build.0 = Release|Any CPU
	EndGlobalSection
	GlobalSection(SolutionProperties) = preSolution
		HideSolutionNode = FALSE
	EndGlobalSection
	GlobalSection(NestedProjects) = preSolution
		{C2EFC4CE-2A50-43DB-A383-A30F7E9C2F9D} = {1A0FA257-D5F5-4756-976F-3EBA9ADCF595}
		{CDF02BD3-B503-4809-AF3A-AFFA20D80A80} = {1A0FA257-D5F5-4756-976F-3EBA9ADCF595}
		{6FBCEAC1-ECF8-4C5B-86AB-22E931698E86} = {8709596F-3A1F-4235-8581-F979813805F9}
		{8709596F-3A1F-4235-8581-F979813805F9} = {1A0FA257-D5F5-4756-976F-3EBA9ADCF595}
		{D2C91E53-6066-4AE2-8DA8-66F2B44DD8E7} = {8709596F-3A1F-4235-8581-F979813805F9}
		{E598C1CA-E17C-4DA0-9BDF-B251EC18C6A3} = {8709596F-3A1F-4235-8581-F979813805F9}
		{3FFAFFB2-A76F-435F-AD6D-5C24588EDB4A} = {EC83ED32-4305-42A7-80F3-C2517BC638B0}
		{BAD0E8E3-D306-4722-A392-2F4C7ADC335E} = {24C06F2C-D493-4CBC-8B86-45FEF50DEC74}
		{668FD725-8BEB-45C8-AE69-4006FF3BF0D1} = {24C06F2C-D493-4CBC-8B86-45FEF50DEC74}
		{24C06F2C-D493-4CBC-8B86-45FEF50DEC74} = {081E74A5-ED38-4859-8609-790E5BBD612E}
		{42822CE4-E4CB-4CBE-9496-55D8DD52ECE9} = {24C06F2C-D493-4CBC-8B86-45FEF50DEC74}
		{E0B6DA9F-DD2E-4351-B2E9-2C45367599C9} = {8B3C8335-F024-40FC-AC15-9B237012023F}
		{2BFACDC3-F44D-4199-8498-F5C3C4AC0335} = {DC59645D-5224-4387-B53E-BFFDEE16AD78}
		{E461C0A8-8900-485C-B520-E929BA33F712} = {DC59645D-5224-4387-B53E-BFFDEE16AD78}
		{BC61D9C6-6B4F-464E-8562-0DBCC332DEEF} = {8B3C8335-F024-40FC-AC15-9B237012023F}
		{DC614572-3805-4AD3-AE79-949A61AE3E5D} = {8B3C8335-F024-40FC-AC15-9B237012023F}
		{8ED931D9-D254-4C13-8663-2223D49A5B0B} = {A1C7C718-1818-4F1D-8D9A-CA1806789E97}
		{695D9C97-E766-4597-B212-2AE18333D7FC} = {A1C7C718-1818-4F1D-8D9A-CA1806789E97}
		{76B9FCC6-23BD-4875-8FAC-F7DDE05C275B} = {A1C7C718-1818-4F1D-8D9A-CA1806789E97}
		{F57A17B5-CEC0-4548-96DF-7B8A89F032A8} = {FCB4743F-8EA1-4DDF-BAFC-D37F1C50903D}
		{9666A25E-BC82-487A-A2BF-FF02E7DD010C} = {FCB4743F-8EA1-4DDF-BAFC-D37F1C50903D}
		{6009EABE-4C84-40F6-8C3B-5DF2391813F2} = {E6530A6A-6963-4666-8F9D-5B4E4B855854}
		{A497B49D-068B-4D1A-97F2-EEA20F1791DF} = {E6530A6A-6963-4666-8F9D-5B4E4B855854}
		{C28FA1F7-E99D-48FE-9572-B12D5B631A54} = {A497B49D-068B-4D1A-97F2-EEA20F1791DF}
		{54B22A3A-7C2A-454F-B2AE-25D826D9E483} = {A497B49D-068B-4D1A-97F2-EEA20F1791DF}
		{3934F8D7-3E56-472F-B873-0304921BB94A} = {A376B9B8-E5BB-4B68-B18F-4E5085E6EF6E}
		{97CFEEB3-FF1E-48F0-A5CB-A1E5C6F1A710} = {A376B9B8-E5BB-4B68-B18F-4E5085E6EF6E}
		{1F7E6746-34BF-480A-8907-F483D6585E4B} = {A376B9B8-E5BB-4B68-B18F-4E5085E6EF6E}
		{1CA1D6A8-6412-43D2-9202-F1F0609C7861} = {FFA91CCE-6AE1-4D70-B609-748B13279E23}
		{B97977C9-BC4D-458F-AA29-B8642B4182B8} = {DC59645D-5224-4387-B53E-BFFDEE16AD78}
		{614D301A-5990-4B7B-9D6B-64652EDE39AC} = {CD9403FF-CD1B-4753-A66E-265124EBDAA5}
		{59F9C340-8894-4658-8790-9EE7ACE23C4A} = {CD9403FF-CD1B-4753-A66E-265124EBDAA5}
		{9D911AD5-4F7C-43A5-8FF0-DB993BB2F809} = {CD9403FF-CD1B-4753-A66E-265124EBDAA5}
		{9FC60DD5-A8F8-443C-BA33-FD3EADE77AE8} = {C277E19B-B812-45D8-A760-13867C1BE78D}
	EndGlobalSection
	GlobalSection(ExtensibilityGlobals) = postSolution
		SolutionGuid = {F1E47BE0-6C40-4521-A44E-D5A6EDE0C858}
	EndGlobalSection
EndGlobal
